// !$*UTF8*$!
{
	archiveVersion = 1;
	classes = {
	};
	objectVersion = 48;
	objects = {

/* Begin PBXBuildFile section */
		960848232017F3B900939BA3 /* AppDelegate.swift in Sources */ = {isa = PBXBuildFile; fileRef = 960848222017F3B900939BA3 /* AppDelegate.swift */; };
		960848252017F3B900939BA3 /* ViewController.swift in Sources */ = {isa = PBXBuildFile; fileRef = 960848242017F3B900939BA3 /* ViewController.swift */; };
		960848282017F3B900939BA3 /* Main.storyboard in Resources */ = {isa = PBXBuildFile; fileRef = 960848262017F3B900939BA3 /* Main.storyboard */; };
		9608482A2017F3B900939BA3 /* Assets.xcassets in Resources */ = {isa = PBXBuildFile; fileRef = 960848292017F3B900939BA3 /* Assets.xcassets */; };
		9608482D2017F3B900939BA3 /* LaunchScreen.storyboard in Resources */ = {isa = PBXBuildFile; fileRef = 9608482B2017F3B900939BA3 /* LaunchScreen.storyboard */; };
		96A50CA6201881DB009971D9 /* AreasTableViewCell.swift in Sources */ = {isa = PBXBuildFile; fileRef = 96A50CA4201881DB009971D9 /* AreasTableViewCell.swift */; };
		96A50CA7201881DB009971D9 /* AreasTableViewCell.xib in Resources */ = {isa = PBXBuildFile; fileRef = 96A50CA5201881DB009971D9 /* AreasTableViewCell.xib */; };
		96CE3C1C201887E700F2E47B /* AreasTableViewController.swift in Sources */ = {isa = PBXBuildFile; fileRef = 96CE3C1B201887E700F2E47B /* AreasTableViewController.swift */; };
/* End PBXBuildFile section */

/* Begin PBXFileReference section */
		9608481F2017F3B900939BA3 /* again.app */ = {isa = PBXFileReference; explicitFileType = wrapper.application; includeInIndex = 0; path = again.app; sourceTree = BUILT_PRODUCTS_DIR; };
		960848222017F3B900939BA3 /* AppDelegate.swift */ = {isa = PBXFileReference; lastKnownFileType = sourcecode.swift; path = AppDelegate.swift; sourceTree = "<group>"; };
		960848242017F3B900939BA3 /* ViewController.swift */ = {isa = PBXFileReference; lastKnownFileType = sourcecode.swift; path = ViewController.swift; sourceTree = "<group>"; };
		960848272017F3B900939BA3 /* Base */ = {isa = PBXFileReference; lastKnownFileType = file.storyboard; name = Base; path = Base.lproj/Main.storyboard; sourceTree = "<group>"; };
		960848292017F3B900939BA3 /* Assets.xcassets */ = {isa = PBXFileReference; lastKnownFileType = folder.assetcatalog; path = Assets.xcassets; sourceTree = "<group>"; };
		9608482C2017F3B900939BA3 /* Base */ = {isa = PBXFileReference; lastKnownFileType = file.storyboard; name = Base; path = Base.lproj/LaunchScreen.storyboard; sourceTree = "<group>"; };
		9608482E2017F3B900939BA3 /* Info.plist */ = {isa = PBXFileReference; lastKnownFileType = text.plist.xml; path = Info.plist; sourceTree = "<group>"; };
		96A50CA4201881DB009971D9 /* AreasTableViewCell.swift */ = {isa = PBXFileReference; lastKnownFileType = sourcecode.swift; path = AreasTableViewCell.swift; sourceTree = "<group>"; };
		96A50CA5201881DB009971D9 /* AreasTableViewCell.xib */ = {isa = PBXFileReference; lastKnownFileType = file.xib; path = AreasTableViewCell.xib; sourceTree = "<group>"; };
		96CE3C1B201887E700F2E47B /* AreasTableViewController.swift */ = {isa = PBXFileReference; lastKnownFileType = sourcecode.swift; path = AreasTableViewController.swift; sourceTree = "<group>"; };
/* End PBXFileReference section */

/* Begin PBXFrameworksBuildPhase section */
		9608481C2017F3B900939BA3 /* Frameworks */ = {
			isa = PBXFrameworksBuildPhase;
			buildActionMask = 2147483647;
			files = (
			);
			runOnlyForDeploymentPostprocessing = 0;
		};
/* End PBXFrameworksBuildPhase section */

/* Begin PBXGroup section */
		960848162017F3B900939BA3 = {
			isa = PBXGroup;
			children = (
				960848212017F3B900939BA3 /* again */,
				960848202017F3B900939BA3 /* Products */,
			);
			sourceTree = "<group>";
		};
		960848202017F3B900939BA3 /* Products */ = {
			isa = PBXGroup;
			children = (
				9608481F2017F3B900939BA3 /* again.app */,
			);
			name = Products;
			sourceTree = "<group>";
		};
		960848212017F3B900939BA3 /* again */ = {
			isa = PBXGroup;
			children = (
				960848242017F3B900939BA3 /* ViewController.swift */,
				960848262017F3B900939BA3 /* Main.storyboard */,
				96CE3C1B201887E700F2E47B /* AreasTableViewController.swift */,
				96A50CA4201881DB009971D9 /* AreasTableViewCell.swift */,
				96A50CA5201881DB009971D9 /* AreasTableViewCell.xib */,
				960848342017F3D200939BA3 /* sup */,
				9608482E2017F3B900939BA3 /* Info.plist */,
			);
			path = again;
			sourceTree = "<group>";
		};
		960848342017F3D200939BA3 /* sup */ = {
			isa = PBXGroup;
			children = (
				960848222017F3B900939BA3 /* AppDelegate.swift */,
				960848292017F3B900939BA3 /* Assets.xcassets */,
				9608482B2017F3B900939BA3 /* LaunchScreen.storyboard */,
			);
			path = sup;
			sourceTree = "<group>";
		};
/* End PBXGroup section */

/* Begin PBXNativeTarget section */
		9608481E2017F3B900939BA3 /* again */ = {
			isa = PBXNativeTarget;
			buildConfigurationList = 960848312017F3B900939BA3 /* Build configuration list for PBXNativeTarget "again" */;
			buildPhases = (
				9608481B2017F3B900939BA3 /* Sources */,
				9608481C2017F3B900939BA3 /* Frameworks */,
				9608481D2017F3B900939BA3 /* Resources */,
			);
			buildRules = (
			);
			dependencies = (
			);
			name = again;
			productName = again;
			productReference = 9608481F2017F3B900939BA3 /* again.app */;
			productType = "com.apple.product-type.application";
		};
/* End PBXNativeTarget section */

/* Begin PBXProject section */
		960848172017F3B900939BA3 /* Project object */ = {
			isa = PBXProject;
			attributes = {
				LastSwiftUpdateCheck = 0920;
				LastUpgradeCheck = 0920;
				ORGANIZATIONNAME = "Andrew Lutinskyi";
				TargetAttributes = {
					9608481E2017F3B900939BA3 = {
						CreatedOnToolsVersion = 9.2;
						ProvisioningStyle = Automatic;
					};
				};
			};
			buildConfigurationList = 9608481A2017F3B900939BA3 /* Build configuration list for PBXProject "again" */;
			compatibilityVersion = "Xcode 8.0";
			developmentRegion = en;
			hasScannedForEncodings = 0;
			knownRegions = (
				en,
				Base,
			);
			mainGroup = 960848162017F3B900939BA3;
			productRefGroup = 960848202017F3B900939BA3 /* Products */;
			projectDirPath = "";
			projectRoot = "";
			targets = (
				9608481E2017F3B900939BA3 /* again */,
			);
		};
/* End PBXProject section */

/* Begin PBXResourcesBuildPhase section */
		9608481D2017F3B900939BA3 /* Resources */ = {
			isa = PBXResourcesBuildPhase;
			buildActionMask = 2147483647;
			files = (
				9608482D2017F3B900939BA3 /* LaunchScreen.storyboard in Resources */,
				9608482A2017F3B900939BA3 /* Assets.xcassets in Resources */,
				96A50CA7201881DB009971D9 /* AreasTableViewCell.xib in Resources */,
				960848282017F3B900939BA3 /* Main.storyboard in Resources */,
			);
			runOnlyForDeploymentPostprocessing = 0;
		};
/* End PBXResourcesBuildPhase section */

/* Begin PBXSourcesBuildPhase section */
		9608481B2017F3B900939BA3 /* Sources */ = {
			isa = PBXSourcesBuildPhase;
			buildActionMask = 2147483647;
			files = (
				96CE3C1C201887E700F2E47B /* AreasTableViewController.swift in Sources */,
				960848252017F3B900939BA3 /* ViewController.swift in Sources */,
				96A50CA6201881DB009971D9 /* AreasTableViewCell.swift in Sources */,
				960848232017F3B900939BA3 /* AppDelegate.swift in Sources */,
			);
			runOnlyForDeploymentPostprocessing = 0;
		};
/* End PBXSourcesBuildPhase section */

/* Begin PBXVariantGroup section */
		960848262017F3B900939BA3 /* Main.storyboard */ = {
			isa = PBXVariantGroup;
			children = (
				960848272017F3B900939BA3 /* Base */,
			);
			name = Main.storyboard;
			sourceTree = "<group>";
		};
		9608482B2017F3B900939BA3 /* LaunchScreen.storyboard */ = {
			isa = PBXVariantGroup;
			children = (
				9608482C2017F3B900939BA3 /* Base */,
			);
			name = LaunchScreen.storyboard;
			sourceTree = "<group>";
		};
/* End PBXVariantGroup section */

/* Begin XCBuildConfiguration section */
		9608482F2017F3B900939BA3 /* Debug */ = {
			isa = XCBuildConfiguration;
			buildSettings = {
				ALWAYS_SEARCH_USER_PATHS = NO;
				CLANG_ANALYZER_NONNULL = YES;
				CLANG_ANALYZER_NUMBER_OBJECT_CONVERSION = YES_AGGRESSIVE;
				CLANG_CXX_LANGUAGE_STANDARD = "gnu++14";
				CLANG_CXX_LIBRARY = "libc++";
				CLANG_ENABLE_MODULES = YES;
				CLANG_ENABLE_OBJC_ARC = YES;
				CLANG_WARN_BLOCK_CAPTURE_AUTORELEASING = YES;
				CLANG_WARN_BOOL_CONVERSION = YES;
				CLANG_WARN_COMMA = YES;
				CLANG_WARN_CONSTANT_CONVERSION = YES;
				CLANG_WARN_DIRECT_OBJC_ISA_USAGE = YES_ERROR;
				CLANG_WARN_DOCUMENTATION_COMMENTS = YES;
				CLANG_WARN_EMPTY_BODY = YES;
				CLANG_WARN_ENUM_CONVERSION = YES;
				CLANG_WARN_INFINITE_RECURSION = YES;
				CLANG_WARN_INT_CONVERSION = YES;
				CLANG_WARN_NON_LITERAL_NULL_CONVERSION = YES;
				CLANG_WARN_OBJC_LITERAL_CONVERSION = YES;
				CLANG_WARN_OBJC_ROOT_CLASS = YES_ERROR;
				CLANG_WARN_RANGE_LOOP_ANALYSIS = YES;
				CLANG_WARN_STRICT_PROTOTYPES = YES;
				CLANG_WARN_SUSPICIOUS_MOVE = YES;
				CLANG_WARN_UNGUARDED_AVAILABILITY = YES_AGGRESSIVE;
				CLANG_WARN_UNREACHABLE_CODE = YES;
				CLANG_WARN__DUPLICATE_METHOD_MATCH = YES;
				CODE_SIGN_IDENTITY = "iPhone Developer";
				COPY_PHASE_STRIP = NO;
				DEBUG_INFORMATION_FORMAT = dwarf;
				ENABLE_STRICT_OBJC_MSGSEND = YES;
				ENABLE_TESTABILITY = YES;
				GCC_C_LANGUAGE_STANDARD = gnu11;
				GCC_DYNAMIC_NO_PIC = NO;
				GCC_NO_COMMON_BLOCKS = YES;
				GCC_OPTIMIZATION_LEVEL = 0;
				GCC_PREPROCESSOR_DEFINITIONS = (
					"DEBUG=1",
					"$(inherited)",
				);
				GCC_WARN_64_TO_32_BIT_CONVERSION = YES;
				GCC_WARN_ABOUT_RETURN_TYPE = YES_ERROR;
				GCC_WARN_UNDECLARED_SELECTOR = YES;
				GCC_WARN_UNINITIALIZED_AUTOS = YES_AGGRESSIVE;
				GCC_WARN_UNUSED_FUNCTION = YES;
				GCC_WARN_UNUSED_VARIABLE = YES;
				IPHONEOS_DEPLOYMENT_TARGET = 11.2;
				MTL_ENABLE_DEBUG_INFO = YES;
				ONLY_ACTIVE_ARCH = YES;
				SDKROOT = iphoneos;
				SWIFT_ACTIVE_COMPILATION_CONDITIONS = DEBUG;
				SWIFT_OPTIMIZATION_LEVEL = "-Onone";
			};
			name = Debug;
		};
		960848302017F3B900939BA3 /* Release */ = {
			isa = XCBuildConfiguration;
			buildSettings = {
				ALWAYS_SEARCH_USER_PATHS = NO;
				CLANG_ANALYZER_NONNULL = YES;
				CLANG_ANALYZER_NUMBER_OBJECT_CONVERSION = YES_AGGRESSIVE;
				CLANG_CXX_LANGUAGE_STANDARD = "gnu++14";
				CLANG_CXX_LIBRARY = "libc++";
				CLANG_ENABLE_MODULES = YES;
				CLANG_ENABLE_OBJC_ARC = YES;
				CLANG_WARN_BLOCK_CAPTURE_AUTORELEASING = YES;
				CLANG_WARN_BOOL_CONVERSION = YES;
				CLANG_WARN_COMMA = YES;
				CLANG_WARN_CONSTANT_CONVERSION = YES;
				CLANG_WARN_DIRECT_OBJC_ISA_USAGE = YES_ERROR;
				CLANG_WARN_DOCUMENTATION_COMMENTS = YES;
				CLANG_WARN_EMPTY_BODY = YES;
				CLANG_WARN_ENUM_CONVERSION = YES;
				CLANG_WARN_INFINITE_RECURSION = YES;
				CLANG_WARN_INT_CONVERSION = YES;
				CLANG_WARN_NON_LITERAL_NULL_CONVERSION = YES;
				CLANG_WARN_OBJC_LITERAL_CONVERSION = YES;
				CLANG_WARN_OBJC_ROOT_CLASS = YES_ERROR;
				CLANG_WARN_RANGE_LOOP_ANALYSIS = YES;
				CLANG_WARN_STRICT_PROTOTYPES = YES;
				CLANG_WARN_SUSPICIOUS_MOVE = YES;
				CLANG_WARN_UNGUARDED_AVAILABILITY = YES_AGGRESSIVE;
				CLANG_WARN_UNREACHABLE_CODE = YES;
				CLANG_WARN__DUPLICATE_METHOD_MATCH = YES;
				CODE_SIGN_IDENTITY = "iPhone Developer";
				COPY_PHASE_STRIP = NO;
				DEBUG_INFORMATION_FORMAT = "dwarf-with-dsym";
				ENABLE_NS_ASSERTIONS = NO;
				ENABLE_STRICT_OBJC_MSGSEND = YES;
				GCC_C_LANGUAGE_STANDARD = gnu11;
				GCC_NO_COMMON_BLOCKS = YES;
				GCC_WARN_64_TO_32_BIT_CONVERSION = YES;
				GCC_WARN_ABOUT_RETURN_TYPE = YES_ERROR;
				GCC_WARN_UNDECLARED_SELECTOR = YES;
				GCC_WARN_UNINITIALIZED_AUTOS = YES_AGGRESSIVE;
				GCC_WARN_UNUSED_FUNCTION = YES;
				GCC_WARN_UNUSED_VARIABLE = YES;
				IPHONEOS_DEPLOYMENT_TARGET = 11.2;
				MTL_ENABLE_DEBUG_INFO = NO;
				SDKROOT = iphoneos;
				SWIFT_OPTIMIZATION_LEVEL = "-Owholemodule";
				VALIDATE_PRODUCT = YES;
			};
			name = Release;
		};
		960848322017F3B900939BA3 /* Debug */ = {
			isa = XCBuildConfiguration;
			buildSettings = {
				ASSETCATALOG_COMPILER_APPICON_NAME = AppIcon;
				CODE_SIGN_STYLE = Automatic;
				DEVELOPMENT_TEAM = UQFYVQKMZ8;
				INFOPLIST_FILE = again/Info.plist;
				LD_RUNPATH_SEARCH_PATHS = "$(inherited) @executable_path/Frameworks";
				PRODUCT_BUNDLE_IDENTIFIER = bzd.again;
				PRODUCT_NAME = "$(TARGET_NAME)";
				SWIFT_VERSION = 4.0;
				TARGETED_DEVICE_FAMILY = "1,2";
			};
			name = Debug;
		};
		960848332017F3B900939BA3 /* Release */ = {
			isa = XCBuildConfiguration;
			buildSettings = {
				ASSETCATALOG_COMPILER_APPICON_NAME = AppIcon;
				CODE_SIGN_STYLE = Automatic;
				DEVELOPMENT_TEAM = UQFYVQKMZ8;
				INFOPLIST_FILE = again/Info.plist;
				LD_RUNPATH_SEARCH_PATHS = "$(inherited) @executable_path/Frameworks";
				PRODUCT_BUNDLE_IDENTIFIER = bzd.again;
				PRODUCT_NAME = "$(TARGET_NAME)";
				SWIFT_VERSION = 4.0;
				TARGETED_DEVICE_FAMILY = "1,2";
			};
			name = Release;
		};
/* End XCBuildConfiguration section */

/* Begin XCConfigurationList section */
		9608481A2017F3B900939BA3 /* Build configuration list for PBXProject "again" */ = {
			isa = XCConfigurationList;
			buildConfigurations = (
				9608482F2017F3B900939BA3 /* Debug */,
				960848302017F3B900939BA3 /* Release */,
			);
			defaultConfigurationIsVisible = 0;
			defaultConfigurationName = Release;
		};
		960848312017F3B900939BA3 /* Build configuration list for PBXNativeTarget "again" */ = {
			isa = XCConfigurationList;
			buildConfigurations = (
				960848322017F3B900939BA3 /* Debug */,
				960848332017F3B900939BA3 /* Release */,
			);
			defaultConfigurationIsVisible = 0;
			defaultConfigurationName = Release;
		};
/* End XCConfigurationList section */
	};
	rootObject = 960848172017F3B900939BA3 /* Project object */;
}
